// !$*UTF8*$!
{
	archiveVersion = 1;
	classes = {
	};
	objectVersion = 55;
	objects = {

/* Begin PBXBuildFile section */
		9BD1922D2BC90BAC00031E0A /* AppDelegate.swift in Sources */ = {isa = PBXBuildFile; fileRef = 9BD1922C2BC90BAC00031E0A /* AppDelegate.swift */; };
		9BD192342BC90BAC00031E0A /* Main.storyboard in Resources */ = {isa = PBXBuildFile; fileRef = 9BD192322BC90BAC00031E0A /* Main.storyboard */; };
		9BD192362BC90BAD00031E0A /* Assets.xcassets in Resources */ = {isa = PBXBuildFile; fileRef = 9BD192352BC90BAD00031E0A /* Assets.xcassets */; };
		9BD192392BC90BAD00031E0A /* LaunchScreen.storyboard in Resources */ = {isa = PBXBuildFile; fileRef = 9BD192372BC90BAD00031E0A /* LaunchScreen.storyboard */; };
		9BD192442BC90BAD00031E0A /* TOEFLVocabQuizTests.swift in Sources */ = {isa = PBXBuildFile; fileRef = 9BD192432BC90BAD00031E0A /* TOEFLVocabQuizTests.swift */; };
		9BD1924E2BC90BAD00031E0A /* TOEFLVocabQuizUITests.swift in Sources */ = {isa = PBXBuildFile; fileRef = 9BD1924D2BC90BAD00031E0A /* TOEFLVocabQuizUITests.swift */; };
		9BD192502BC90BAD00031E0A /* TOEFLVocabQuizUITestsLaunchTests.swift in Sources */ = {isa = PBXBuildFile; fileRef = 9BD1924F2BC90BAD00031E0A /* TOEFLVocabQuizUITestsLaunchTests.swift */; };
		9BD1925D2BC90CC200031E0A /* FirstViewController.swift in Sources */ = {isa = PBXBuildFile; fileRef = 9BD1925C2BC90CC200031E0A /* FirstViewController.swift */; };
		9BD1925F2BC90CF800031E0A /* ViewController.swift in Sources */ = {isa = PBXBuildFile; fileRef = 9BD1925E2BC90CF800031E0A /* ViewController.swift */; };
		9BD192612BC90D3600031E0A /* LastViewController.swift in Sources */ = {isa = PBXBuildFile; fileRef = 9BD192602BC90D3600031E0A /* LastViewController.swift */; };
/* End PBXBuildFile section */

/* Begin PBXContainerItemProxy section */
		9BD192402BC90BAD00031E0A /* PBXContainerItemProxy */ = {
			isa = PBXContainerItemProxy;
			containerPortal = 9BD192212BC90BAC00031E0A /* Project object */;
			proxyType = 1;
			remoteGlobalIDString = 9BD192282BC90BAC00031E0A;
			remoteInfo = TOEFLVocabQuiz;
		};
		9BD1924A2BC90BAD00031E0A /* PBXContainerItemProxy */ = {
			isa = PBXContainerItemProxy;
			containerPortal = 9BD192212BC90BAC00031E0A /* Project object */;
			proxyType = 1;
			remoteGlobalIDString = 9BD192282BC90BAC00031E0A;
			remoteInfo = TOEFLVocabQuiz;
		};
/* End PBXContainerItemProxy section */

/* Begin PBXFileReference section */
		9BD192292BC90BAC00031E0A /* TOEFLVocabQuiz.app */ = {isa = PBXFileReference; explicitFileType = wrapper.application; includeInIndex = 0; path = TOEFLVocabQuiz.app; sourceTree = BUILT_PRODUCTS_DIR; };
		9BD1922C2BC90BAC00031E0A /* AppDelegate.swift */ = {isa = PBXFileReference; lastKnownFileType = sourcecode.swift; path = AppDelegate.swift; sourceTree = "<group>"; };
		9BD192332BC90BAC00031E0A /* Base */ = {isa = PBXFileReference; lastKnownFileType = file.storyboard; name = Base; path = Base.lproj/Main.storyboard; sourceTree = "<group>"; };
		9BD192352BC90BAD00031E0A /* Assets.xcassets */ = {isa = PBXFileReference; lastKnownFileType = folder.assetcatalog; path = Assets.xcassets; sourceTree = "<group>"; };
		9BD192382BC90BAD00031E0A /* Base */ = {isa = PBXFileReference; lastKnownFileType = file.storyboard; name = Base; path = Base.lproj/LaunchScreen.storyboard; sourceTree = "<group>"; };
		9BD1923A2BC90BAD00031E0A /* Info.plist */ = {isa = PBXFileReference; lastKnownFileType = text.plist.xml; path = Info.plist; sourceTree = "<group>"; };
		9BD1923F2BC90BAD00031E0A /* TOEFLVocabQuizTests.xctest */ = {isa = PBXFileReference; explicitFileType = wrapper.cfbundle; includeInIndex = 0; path = TOEFLVocabQuizTests.xctest; sourceTree = BUILT_PRODUCTS_DIR; };
		9BD192432BC90BAD00031E0A /* TOEFLVocabQuizTests.swift */ = {isa = PBXFileReference; lastKnownFileType = sourcecode.swift; path = TOEFLVocabQuizTests.swift; sourceTree = "<group>"; };
		9BD192492BC90BAD00031E0A /* TOEFLVocabQuizUITests.xctest */ = {isa = PBXFileReference; explicitFileType = wrapper.cfbundle; includeInIndex = 0; path = TOEFLVocabQuizUITests.xctest; sourceTree = BUILT_PRODUCTS_DIR; };
		9BD1924D2BC90BAD00031E0A /* TOEFLVocabQuizUITests.swift */ = {isa = PBXFileReference; lastKnownFileType = sourcecode.swift; path = TOEFLVocabQuizUITests.swift; sourceTree = "<group>"; };
		9BD1924F2BC90BAD00031E0A /* TOEFLVocabQuizUITestsLaunchTests.swift */ = {isa = PBXFileReference; lastKnownFileType = sourcecode.swift; path = TOEFLVocabQuizUITestsLaunchTests.swift; sourceTree = "<group>"; };
		9BD1925C2BC90CC200031E0A /* FirstViewController.swift */ = {isa = PBXFileReference; lastKnownFileType = sourcecode.swift; path = FirstViewController.swift; sourceTree = "<group>"; };
		9BD1925E2BC90CF800031E0A /* ViewController.swift */ = {isa = PBXFileReference; lastKnownFileType = sourcecode.swift; path = ViewController.swift; sourceTree = "<group>"; };
		9BD192602BC90D3600031E0A /* LastViewController.swift */ = {isa = PBXFileReference; lastKnownFileType = sourcecode.swift; path = LastViewController.swift; sourceTree = "<group>"; };
/* End PBXFileReference section */

/* Begin PBXFrameworksBuildPhase section */
		9BD192262BC90BAC00031E0A /* Frameworks */ = {
			isa = PBXFrameworksBuildPhase;
			buildActionMask = 2147483647;
			files = (
			);
			runOnlyForDeploymentPostprocessing = 0;
		};
		9BD1923C2BC90BAD00031E0A /* Frameworks */ = {
			isa = PBXFrameworksBuildPhase;
			buildActionMask = 2147483647;
			files = (
			);
			runOnlyForDeploymentPostprocessing = 0;
		};
		9BD192462BC90BAD00031E0A /* Frameworks */ = {
			isa = PBXFrameworksBuildPhase;
			buildActionMask = 2147483647;
			files = (
			);
			runOnlyForDeploymentPostprocessing = 0;
		};
/* End PBXFrameworksBuildPhase section */

/* Begin PBXGroup section */
		9BD192202BC90BAC00031E0A = {
			isa = PBXGroup;
			children = (
				9BD1922B2BC90BAC00031E0A /* TOEFLVocabQuiz */,
				9BD192422BC90BAD00031E0A /* TOEFLVocabQuizTests */,
				9BD1924C2BC90BAD00031E0A /* TOEFLVocabQuizUITests */,
				9BD1922A2BC90BAC00031E0A /* Products */,
			);
			sourceTree = "<group>";
		};
		9BD1922A2BC90BAC00031E0A /* Products */ = {
			isa = PBXGroup;
			children = (
				9BD192292BC90BAC00031E0A /* TOEFLVocabQuiz.app */,
				9BD1923F2BC90BAD00031E0A /* TOEFLVocabQuizTests.xctest */,
				9BD192492BC90BAD00031E0A /* TOEFLVocabQuizUITests.xctest */,
			);
			name = Products;
			sourceTree = "<group>";
		};
		9BD1922B2BC90BAC00031E0A /* TOEFLVocabQuiz */ = {
			isa = PBXGroup;
			children = (
				9BD1925C2BC90CC200031E0A /* FirstViewController.swift */,
				9BD192602BC90D3600031E0A /* LastViewController.swift */,
				9BD1922C2BC90BAC00031E0A /* AppDelegate.swift */,
				9BD1925E2BC90CF800031E0A /* ViewController.swift */,
				9BD192322BC90BAC00031E0A /* Main.storyboard */,
				9BD192352BC90BAD00031E0A /* Assets.xcassets */,
				9BD192372BC90BAD00031E0A /* LaunchScreen.storyboard */,
				9BD1923A2BC90BAD00031E0A /* Info.plist */,
			);
			path = TOEFLVocabQuiz;
			sourceTree = "<group>";
		};
		9BD192422BC90BAD00031E0A /* TOEFLVocabQuizTests */ = {
			isa = PBXGroup;
			children = (
				9BD192432BC90BAD00031E0A /* TOEFLVocabQuizTests.swift */,
			);
			path = TOEFLVocabQuizTests;
			sourceTree = "<group>";
		};
		9BD1924C2BC90BAD00031E0A /* TOEFLVocabQuizUITests */ = {
			isa = PBXGroup;
			children = (
				9BD1924D2BC90BAD00031E0A /* TOEFLVocabQuizUITests.swift */,
				9BD1924F2BC90BAD00031E0A /* TOEFLVocabQuizUITestsLaunchTests.swift */,
			);
			path = TOEFLVocabQuizUITests;
			sourceTree = "<group>";
		};
/* End PBXGroup section */

/* Begin PBXNativeTarget section */
		9BD192282BC90BAC00031E0A /* TOEFLVocabQuiz */ = {
			isa = PBXNativeTarget;
			buildConfigurationList = 9BD192532BC90BAD00031E0A /* Build configuration list for PBXNativeTarget "TOEFLVocabQuiz" */;
			buildPhases = (
				9BD192252BC90BAC00031E0A /* Sources */,
				9BD192262BC90BAC00031E0A /* Frameworks */,
				9BD192272BC90BAC00031E0A /* Resources */,
			);
			buildRules = (
			);
			dependencies = (
			);
			name = TOEFLVocabQuiz;
			productName = TOEFLVocabQuiz;
			productReference = 9BD192292BC90BAC00031E0A /* TOEFLVocabQuiz.app */;
			productType = "com.apple.product-type.application";
		};
		9BD1923E2BC90BAD00031E0A /* TOEFLVocabQuizTests */ = {
			isa = PBXNativeTarget;
			buildConfigurationList = 9BD192562BC90BAD00031E0A /* Build configuration list for PBXNativeTarget "TOEFLVocabQuizTests" */;
			buildPhases = (
				9BD1923B2BC90BAD00031E0A /* Sources */,
				9BD1923C2BC90BAD00031E0A /* Frameworks */,
				9BD1923D2BC90BAD00031E0A /* Resources */,
			);
			buildRules = (
			);
			dependencies = (
				9BD192412BC90BAD00031E0A /* PBXTargetDependency */,
			);
			name = TOEFLVocabQuizTests;
			productName = TOEFLVocabQuizTests;
			productReference = 9BD1923F2BC90BAD00031E0A /* TOEFLVocabQuizTests.xctest */;
			productType = "com.apple.product-type.bundle.unit-test";
		};
		9BD192482BC90BAD00031E0A /* TOEFLVocabQuizUITests */ = {
			isa = PBXNativeTarget;
			buildConfigurationList = 9BD192592BC90BAD00031E0A /* Build configuration list for PBXNativeTarget "TOEFLVocabQuizUITests" */;
			buildPhases = (
				9BD192452BC90BAD00031E0A /* Sources */,
				9BD192462BC90BAD00031E0A /* Frameworks */,
				9BD192472BC90BAD00031E0A /* Resources */,
			);
			buildRules = (
			);
			dependencies = (
				9BD1924B2BC90BAD00031E0A /* PBXTargetDependency */,
			);
			name = TOEFLVocabQuizUITests;
			productName = TOEFLVocabQuizUITests;
			productReference = 9BD192492BC90BAD00031E0A /* TOEFLVocabQuizUITests.xctest */;
			productType = "com.apple.product-type.bundle.ui-testing";
		};
/* End PBXNativeTarget section */

/* Begin PBXProject section */
		9BD192212BC90BAC00031E0A /* Project object */ = {
			isa = PBXProject;
			attributes = {
				BuildIndependentTargetsInParallel = 1;
				LastSwiftUpdateCheck = 1320;
				LastUpgradeCheck = 1320;
				TargetAttributes = {
					9BD192282BC90BAC00031E0A = {
						CreatedOnToolsVersion = 13.2.1;
					};
					9BD1923E2BC90BAD00031E0A = {
						CreatedOnToolsVersion = 13.2.1;
						TestTargetID = 9BD192282BC90BAC00031E0A;
					};
					9BD192482BC90BAD00031E0A = {
						CreatedOnToolsVersion = 13.2.1;
						TestTargetID = 9BD192282BC90BAC00031E0A;
					};
				};
			};
			buildConfigurationList = 9BD192242BC90BAC00031E0A /* Build configuration list for PBXProject "TOEFLVocabQuiz" */;
			compatibilityVersion = "Xcode 13.0";
			developmentRegion = en;
			hasScannedForEncodings = 0;
			knownRegions = (
				en,
				Base,
			);
			mainGroup = 9BD192202BC90BAC00031E0A;
			productRefGroup = 9BD1922A2BC90BAC00031E0A /* Products */;
			projectDirPath = "";
			projectRoot = "";
			targets = (
				9BD192282BC90BAC00031E0A /* TOEFLVocabQuiz */,
				9BD1923E2BC90BAD00031E0A /* TOEFLVocabQuizTests */,
				9BD192482BC90BAD00031E0A /* TOEFLVocabQuizUITests */,
			);
		};
/* End PBXProject section */

/* Begin PBXResourcesBuildPhase section */
		9BD192272BC90BAC00031E0A /* Resources */ = {
			isa = PBXResourcesBuildPhase;
			buildActionMask = 2147483647;
			files = (
				9BD192392BC90BAD00031E0A /* LaunchScreen.storyboard in Resources */,
				9BD192362BC90BAD00031E0A /* Assets.xcassets in Resources */,
				9BD192342BC90BAC00031E0A /* Main.storyboard in Resources */,
			);
			runOnlyForDeploymentPostprocessing = 0;
		};
		9BD1923D2BC90BAD00031E0A /* Resources */ = {
			isa = PBXResourcesBuildPhase;
			buildActionMask = 2147483647;
			files = (
			);
			runOnlyForDeploymentPostprocessing = 0;
		};
		9BD192472BC90BAD00031E0A /* Resources */ = {
			isa = PBXResourcesBuildPhase;
			buildActionMask = 2147483647;
			files = (
			);
			runOnlyForDeploymentPostprocessing = 0;
		};
/* End PBXResourcesBuildPhase section */

/* Begin PBXSourcesBuildPhase section */
		9BD192252BC90BAC00031E0A /* Sources */ = {
			isa = PBXSourcesBuildPhase;
			buildActionMask = 2147483647;
			files = (
				9BD1925F2BC90CF800031E0A /* ViewController.swift in Sources */,
				9BD1925D2BC90CC200031E0A /* FirstViewController.swift in Sources */,
				9BD192612BC90D3600031E0A /* LastViewController.swift in Sources */,
				9BD1922D2BC90BAC00031E0A /* AppDelegate.swift in Sources */,
			);
			runOnlyForDeploymentPostprocessing = 0;
		};
		9BD1923B2BC90BAD00031E0A /* Sources */ = {
			isa = PBXSourcesBuildPhase;
			buildActionMask = 2147483647;
			files = (
				9BD192442BC90BAD00031E0A /* TOEFLVocabQuizTests.swift in Sources */,
			);
			runOnlyForDeploymentPostprocessing = 0;
		};
		9BD192452BC90BAD00031E0A /* Sources */ = {
			isa = PBXSourcesBuildPhase;
			buildActionMask = 2147483647;
			files = (
				9BD192502BC90BAD00031E0A /* TOEFLVocabQuizUITestsLaunchTests.swift in Sources */,
				9BD1924E2BC90BAD00031E0A /* TOEFLVocabQuizUITests.swift in Sources */,
			);
			runOnlyForDeploymentPostprocessing = 0;
		};
/* End PBXSourcesBuildPhase section */

/* Begin PBXTargetDependency section */
		9BD192412BC90BAD00031E0A /* PBXTargetDependency */ = {
			isa = PBXTargetDependency;
			target = 9BD192282BC90BAC00031E0A /* TOEFLVocabQuiz */;
			targetProxy = 9BD192402BC90BAD00031E0A /* PBXContainerItemProxy */;
		};
		9BD1924B2BC90BAD00031E0A /* PBXTargetDependency */ = {
			isa = PBXTargetDependency;
			target = 9BD192282BC90BAC00031E0A /* TOEFLVocabQuiz */;
			targetProxy = 9BD1924A2BC90BAD00031E0A /* PBXContainerItemProxy */;
		};
/* End PBXTargetDependency section */

/* Begin PBXVariantGroup section */
		9BD192322BC90BAC00031E0A /* Main.storyboard */ = {
			isa = PBXVariantGroup;
			children = (
				9BD192332BC90BAC00031E0A /* Base */,
			);
			name = Main.storyboard;
			sourceTree = "<group>";
		};
		9BD192372BC90BAD00031E0A /* LaunchScreen.storyboard */ = {
			isa = PBXVariantGroup;
			children = (
				9BD192382BC90BAD00031E0A /* Base */,
			);
			name = LaunchScreen.storyboard;
			sourceTree = "<group>";
		};
/* End PBXVariantGroup section */

/* Begin XCBuildConfiguration section */
		9BD192512BC90BAD00031E0A /* Debug */ = {
			isa = XCBuildConfiguration;
			buildSettings = {
				ALWAYS_SEARCH_USER_PATHS = NO;
				CLANG_ANALYZER_NONNULL = YES;
				CLANG_ANALYZER_NUMBER_OBJECT_CONVERSION = YES_AGGRESSIVE;
				CLANG_CXX_LANGUAGE_STANDARD = "gnu++17";
				CLANG_CXX_LIBRARY = "libc++";
				CLANG_ENABLE_MODULES = YES;
				CLANG_ENABLE_OBJC_ARC = YES;
				CLANG_ENABLE_OBJC_WEAK = YES;
				CLANG_WARN_BLOCK_CAPTURE_AUTORELEASING = YES;
				CLANG_WARN_BOOL_CONVERSION = YES;
				CLANG_WARN_COMMA = YES;
				CLANG_WARN_CONSTANT_CONVERSION = YES;
				CLANG_WARN_DEPRECATED_OBJC_IMPLEMENTATIONS = YES;
				CLANG_WARN_DIRECT_OBJC_ISA_USAGE = YES_ERROR;
				CLANG_WARN_DOCUMENTATION_COMMENTS = YES;
				CLANG_WARN_EMPTY_BODY = YES;
				CLANG_WARN_ENUM_CONVERSION = YES;
				CLANG_WARN_INFINITE_RECURSION = YES;
				CLANG_WARN_INT_CONVERSION = YES;
				CLANG_WARN_NON_LITERAL_NULL_CONVERSION = YES;
				CLANG_WARN_OBJC_IMPLICIT_RETAIN_SELF = YES;
				CLANG_WARN_OBJC_LITERAL_CONVERSION = YES;
				CLANG_WARN_OBJC_ROOT_CLASS = YES_ERROR;
				CLANG_WARN_QUOTED_INCLUDE_IN_FRAMEWORK_HEADER = YES;
				CLANG_WARN_RANGE_LOOP_ANALYSIS = YES;
				CLANG_WARN_STRICT_PROTOTYPES = YES;
				CLANG_WARN_SUSPICIOUS_MOVE = YES;
				CLANG_WARN_UNGUARDED_AVAILABILITY = YES_AGGRESSIVE;
				CLANG_WARN_UNREACHABLE_CODE = YES;
				CLANG_WARN__DUPLICATE_METHOD_MATCH = YES;
				COPY_PHASE_STRIP = NO;
				DEBUG_INFORMATION_FORMAT = dwarf;
				ENABLE_STRICT_OBJC_MSGSEND = YES;
				ENABLE_TESTABILITY = YES;
				GCC_C_LANGUAGE_STANDARD = gnu11;
				GCC_DYNAMIC_NO_PIC = NO;
				GCC_NO_COMMON_BLOCKS = YES;
				GCC_OPTIMIZATION_LEVEL = 0;
				GCC_PREPROCESSOR_DEFINITIONS = (
					"DEBUG=1",
					"$(inherited)",
				);
				GCC_WARN_64_TO_32_BIT_CONVERSION = YES;
				GCC_WARN_ABOUT_RETURN_TYPE = YES_ERROR;
				GCC_WARN_UNDECLARED_SELECTOR = YES;
				GCC_WARN_UNINITIALIZED_AUTOS = YES_AGGRESSIVE;
				GCC_WARN_UNUSED_FUNCTION = YES;
				GCC_WARN_UNUSED_VARIABLE = YES;
				IPHONEOS_DEPLOYMENT_TARGET = 15.2;
				MTL_ENABLE_DEBUG_INFO = INCLUDE_SOURCE;
				MTL_FAST_MATH = YES;
				ONLY_ACTIVE_ARCH = YES;
				SDKROOT = iphoneos;
				SWIFT_ACTIVE_COMPILATION_CONDITIONS = DEBUG;
				SWIFT_OPTIMIZATION_LEVEL = "-Onone";
			};
			name = Debug;
		};
		9BD192522BC90BAD00031E0A /* Release */ = {
			isa = XCBuildConfiguration;
			buildSettings = {
				ALWAYS_SEARCH_USER_PATHS = NO;
				CLANG_ANALYZER_NONNULL = YES;
				CLANG_ANALYZER_NUMBER_OBJECT_CONVERSION = YES_AGGRESSIVE;
				CLANG_CXX_LANGUAGE_STANDARD = "gnu++17";
				CLANG_CXX_LIBRARY = "libc++";
				CLANG_ENABLE_MODULES = YES;
				CLANG_ENABLE_OBJC_ARC = YES;
				CLANG_ENABLE_OBJC_WEAK = YES;
				CLANG_WARN_BLOCK_CAPTURE_AUTORELEASING = YES;
				CLANG_WARN_BOOL_CONVERSION = YES;
				CLANG_WARN_COMMA = YES;
				CLANG_WARN_CONSTANT_CONVERSION = YES;
				CLANG_WARN_DEPRECATED_OBJC_IMPLEMENTATIONS = YES;
				CLANG_WARN_DIRECT_OBJC_ISA_USAGE = YES_ERROR;
				CLANG_WARN_DOCUMENTATION_COMMENTS = YES;
				CLANG_WARN_EMPTY_BODY = YES;
				CLANG_WARN_ENUM_CONVERSION = YES;
				CLANG_WARN_INFINITE_RECURSION = YES;
				CLANG_WARN_INT_CONVERSION = YES;
				CLANG_WARN_NON_LITERAL_NULL_CONVERSION = YES;
				CLANG_WARN_OBJC_IMPLICIT_RETAIN_SELF = YES;
				CLANG_WARN_OBJC_LITERAL_CONVERSION = YES;
				CLANG_WARN_OBJC_ROOT_CLASS = YES_ERROR;
				CLANG_WARN_QUOTED_INCLUDE_IN_FRAMEWORK_HEADER = YES;
				CLANG_WARN_RANGE_LOOP_ANALYSIS = YES;
				CLANG_WARN_STRICT_PROTOTYPES = YES;
				CLANG_WARN_SUSPICIOUS_MOVE = YES;
				CLANG_WARN_UNGUARDED_AVAILABILITY = YES_AGGRESSIVE;
				CLANG_WARN_UNREACHABLE_CODE = YES;
				CLANG_WARN__DUPLICATE_METHOD_MATCH = YES;
				COPY_PHASE_STRIP = NO;
				DEBUG_INFORMATION_FORMAT = "dwarf-with-dsym";
				ENABLE_NS_ASSERTIONS = NO;
				ENABLE_STRICT_OBJC_MSGSEND = YES;
				GCC_C_LANGUAGE_STANDARD = gnu11;
				GCC_NO_COMMON_BLOCKS = YES;
				GCC_WARN_64_TO_32_BIT_CONVERSION = YES;
				GCC_WARN_ABOUT_RETURN_TYPE = YES_ERROR;
				GCC_WARN_UNDECLARED_SELECTOR = YES;
				GCC_WARN_UNINITIALIZED_AUTOS = YES_AGGRESSIVE;
				GCC_WARN_UNUSED_FUNCTION = YES;
				GCC_WARN_UNUSED_VARIABLE = YES;
				IPHONEOS_DEPLOYMENT_TARGET = 15.2;
				MTL_ENABLE_DEBUG_INFO = NO;
				MTL_FAST_MATH = YES;
				SDKROOT = iphoneos;
				SWIFT_COMPILATION_MODE = wholemodule;
				SWIFT_OPTIMIZATION_LEVEL = "-O";
				VALIDATE_PRODUCT = YES;
			};
			name = Release;
		};
		9BD192542BC90BAD00031E0A /* Debug */ = {
			isa = XCBuildConfiguration;
			buildSettings = {
				ASSETCATALOG_COMPILER_APPICON_NAME = AppIcon;
				ASSETCATALOG_COMPILER_GLOBAL_ACCENT_COLOR_NAME = AccentColor;
				CODE_SIGN_STYLE = Automatic;
				CURRENT_PROJECT_VERSION = 1;
				GENERATE_INFOPLIST_FILE = YES;
				INFOPLIST_FILE = TOEFLVocabQuiz/Info.plist;
				INFOPLIST_KEY_UIApplicationSupportsIndirectInputEvents = YES;
				INFOPLIST_KEY_UILaunchStoryboardName = LaunchScreen;
				INFOPLIST_KEY_UIMainStoryboardFile = Main;
				INFOPLIST_KEY_UISupportedInterfaceOrientations_iPad = "UIInterfaceOrientationPortrait UIInterfaceOrientationPortraitUpsideDown UIInterfaceOrientationLandscapeLeft UIInterfaceOrientationLandscapeRight";
				INFOPLIST_KEY_UISupportedInterfaceOrientations_iPhone = "UIInterfaceOrientationPortrait UIInterfaceOrientationLandscapeLeft UIInterfaceOrientationLandscapeRight";
				LD_RUNPATH_SEARCH_PATHS = (
					"$(inherited)",
					"@executable_path/Frameworks",
				);
				MARKETING_VERSION = 1.0;
				PRODUCT_BUNDLE_IDENTIFIER = "liuna.lina-gmail.com.TOEFLVocabQuiz";
				PRODUCT_NAME = "$(TARGET_NAME)";
				SWIFT_EMIT_LOC_STRINGS = YES;
				SWIFT_VERSION = 5.0;
				TARGETED_DEVICE_FAMILY = "1,2";
			};
			name = Debug;
		};
		9BD192552BC90BAD00031E0A /* Release */ = {
			isa = XCBuildConfiguration;
			buildSettings = {
				ASSETCATALOG_COMPILER_APPICON_NAME = AppIcon;
				ASSETCATALOG_COMPILER_GLOBAL_ACCENT_COLOR_NAME = AccentColor;
				CODE_SIGN_STYLE = Automatic;
				CURRENT_PROJECT_VERSION = 1;
				GENERATE_INFOPLIST_FILE = YES;
				INFOPLIST_FILE = TOEFLVocabQuiz/Info.plist;
				INFOPLIST_KEY_UIApplicationSupportsIndirectInputEvents = YES;
				INFOPLIST_KEY_UILaunchStoryboardName = LaunchScreen;
				INFOPLIST_KEY_UIMainStoryboardFile = Main;
				INFOPLIST_KEY_UISupportedInterfaceOrientations_iPad = "UIInterfaceOrientationPortrait UIInterfaceOrientationPortraitUpsideDown UIInterfaceOrientationLandscapeLeft UIInterfaceOrientationLandscapeRight";
				INFOPLIST_KEY_UISupportedInterfaceOrientations_iPhone = "UIInterfaceOrientationPortrait UIInterfaceOrientationLandscapeLeft UIInterfaceOrientationLandscapeRight";
				LD_RUNPATH_SEARCH_PATHS = (
					"$(inherited)",
					"@executable_path/Frameworks",
				);
				MARKETING_VERSION = 1.0;
				PRODUCT_BUNDLE_IDENTIFIER = "liuna.lina-gmail.com.TOEFLVocabQuiz";
				PRODUCT_NAME = "$(TARGET_NAME)";
				SWIFT_EMIT_LOC_STRINGS = YES;
				SWIFT_VERSION = 5.0;
				TARGETED_DEVICE_FAMILY = "1,2";
			};
			name = Release;
		};
		9BD192572BC90BAD00031E0A /* Debug */ = {
			isa = XCBuildConfiguration;
			buildSettings = {
				ALWAYS_EMBED_SWIFT_STANDARD_LIBRARIES = YES;
				BUNDLE_LOADER = "$(TEST_HOST)";
				CODE_SIGN_STYLE = Automatic;
				CURRENT_PROJECT_VERSION = 1;
				GENERATE_INFOPLIST_FILE = YES;
				IPHONEOS_DEPLOYMENT_TARGET = 15.2;
				MARKETING_VERSION = 1.0;
				PRODUCT_BUNDLE_IDENTIFIER = "liuna.lina-gmail.com.TOEFLVocabQuizTests";
				PRODUCT_NAME = "$(TARGET_NAME)";
				SWIFT_EMIT_LOC_STRINGS = NO;
				SWIFT_VERSION = 5.0;
				TARGETED_DEVICE_FAMILY = "1,2";
				TEST_HOST = "$(BUILT_PRODUCTS_DIR)/TOEFLVocabQuiz.app/TOEFLVocabQuiz";
			};
			name = Debug;
		};
		9BD192582BC90BAD00031E0A /* Release */ = {
			isa = XCBuildConfiguration;
			buildSettings = {
				ALWAYS_EMBED_SWIFT_STANDARD_LIBRARIES = YES;
				BUNDLE_LOADER = "$(TEST_HOST)";
				CODE_SIGN_STYLE = Automatic;
				CURRENT_PROJECT_VERSION = 1;
				GENERATE_INFOPLIST_FILE = YES;
				IPHONEOS_DEPLOYMENT_TARGET = 15.2;
				MARKETING_VERSION = 1.0;
				PRODUCT_BUNDLE_IDENTIFIER = "liuna.lina-gmail.com.TOEFLVocabQuizTests";
				PRODUCT_NAME = "$(TARGET_NAME)";
				SWIFT_EMIT_LOC_STRINGS = NO;
				SWIFT_VERSION = 5.0;
				TARGETED_DEVICE_FAMILY = "1,2";
				TEST_HOST = "$(BUILT_PRODUCTS_DIR)/TOEFLVocabQuiz.app/TOEFLVocabQuiz";
			};
			name = Release;
		};
		9BD1925A2BC90BAD00031E0A /* Debug */ = {
			isa = XCBuildConfiguration;
			buildSettings = {
				ALWAYS_EMBED_SWIFT_STANDARD_LIBRARIES = YES;
				CODE_SIGN_STYLE = Automatic;
				CURRENT_PROJECT_VERSION = 1;
				GENERATE_INFOPLIST_FILE = YES;
				MARKETING_VERSION = 1.0;
				PRODUCT_BUNDLE_IDENTIFIER = "liuna.lina-gmail.com.TOEFLVocabQuizUITests";
				PRODUCT_NAME = "$(TARGET_NAME)";
				SWIFT_EMIT_LOC_STRINGS = NO;
				SWIFT_VERSION = 5.0;
				TARGETED_DEVICE_FAMILY = "1,2";
				TEST_TARGET_NAME = TOEFLVocabQuiz;
			};
			name = Debug;
		};
		9BD1925B2BC90BAD00031E0A /* Release */ = {
			isa = XCBuildConfiguration;
			buildSettings = {
				ALWAYS_EMBED_SWIFT_STANDARD_LIBRARIES = YES;
				CODE_SIGN_STYLE = Automatic;
				CURRENT_PROJECT_VERSION = 1;
				GENERATE_INFOPLIST_FILE = YES;
				MARKETING_VERSION = 1.0;
				PRODUCT_BUNDLE_IDENTIFIER = "liuna.lina-gmail.com.TOEFLVocabQuizUITests";
				PRODUCT_NAME = "$(TARGET_NAME)";
				SWIFT_EMIT_LOC_STRINGS = NO;
				SWIFT_VERSION = 5.0;
				TARGETED_DEVICE_FAMILY = "1,2";
				TEST_TARGET_NAME = TOEFLVocabQuiz;
			};
			name = Release;
		};
/* End XCBuildConfiguration section */

/* Begin XCConfigurationList section */
		9BD192242BC90BAC00031E0A /* Build configuration list for PBXProject "TOEFLVocabQuiz" */ = {
			isa = XCConfigurationList;
			buildConfigurations = (
				9BD192512BC90BAD00031E0A /* Debug */,
				9BD192522BC90BAD00031E0A /* Release */,
			);
			defaultConfigurationIsVisible = 0;
			defaultConfigurationName = Release;
		};
		9BD192532BC90BAD00031E0A /* Build configuration list for PBXNativeTarget "TOEFLVocabQuiz" */ = {
			isa = XCConfigurationList;
			buildConfigurations = (
				9BD192542BC90BAD00031E0A /* Debug */,
				9BD192552BC90BAD00031E0A /* Release */,
			);
			defaultConfigurationIsVisible = 0;
			defaultConfigurationName = Release;
		};
		9BD192562BC90BAD00031E0A /* Build configuration list for PBXNativeTarget "TOEFLVocabQuizTests" */ = {
			isa = XCConfigurationList;
			buildConfigurations = (
				9BD192572BC90BAD00031E0A /* Debug */,
				9BD192582BC90BAD00031E0A /* Release */,
			);
			defaultConfigurationIsVisible = 0;
			defaultConfigurationName = Release;
		};
		9BD192592BC90BAD00031E0A /* Build configuration list for PBXNativeTarget "TOEFLVocabQuizUITests" */ = {
			isa = XCConfigurationList;
			buildConfigurations = (
				9BD1925A2BC90BAD00031E0A /* Debug */,
				9BD1925B2BC90BAD00031E0A /* Release */,
			);
			defaultConfigurationIsVisible = 0;
			defaultConfigurationName = Release;
		};
/* End XCConfigurationList section */
	};
	rootObject = 9BD192212BC90BAC00031E0A /* Project object */;
}
